
Microsoft Visual Studio Solution File, Format Version 12.00
# Visual Studio Version 17
VisualStudioVersion = 17.4.33110.190
MinimumVisualStudioVersion = 10.0.40219.1
Project("{8BC9CEB8-8B4A-11D0-8D11-00A0C91BC942}") = "NTAPI_Injection", "NTAPI_Injection\NTAPI_Injection.vcxproj", "{E25B02D8-4D2B-4D54-BC14-7B52E0D2D801}"
EndProject
Global
	GlobalSection(SolutionConfigurationPlatforms) = preSolution
		Debug|x64 = Debug|x64
		Debug|x86 = Debug|x86
		Release|x64 = Release|x64
		Release|x86 = Release|x86
	EndGlobalSection
	GlobalSection(ProjectConfigurationPlatforms) = postSolution
		{E25B02D8-4D2B-4D54-BC14-7B52E0D2D801}.Debug|x64.ActiveCfg = Debug|x64
		{E25B02D8-4D2B-4D54-BC14-7B52E0D2D801}.Debug|x64.Build.0 = Debug|x64
		{E25B02D8-4D2B-4D54-BC14-7B52E0D2D801}.Debug|x86.ActiveCfg = Debug|Win32
		{E25B02D8-4D2B-4D54-BC14-7B52E0D2D801}.Debug|x86.Build.0 = Debug|Win32
		{E25B02D8-4D2B-4D54-BC14-7B52E0D2D801}.Release|x64.ActiveCfg = Release|x64
		{E25B02D8-4D2B-4D54-BC14-7B52E0D2D801}.Release|x64.Build.0 = Release|x64
		{E25B02D8-4D2B-4D54-BC14-7B52E0D2D801}.Release|x86.ActiveCfg = Release|Win32
		{E25B02D8-4D2B-4D54-BC14-7B52E0D2D801}.Release|x86.Build.0 = Release|Win32
	EndGlobalSection
	GlobalSection(SolutionProperties) = preSolution
		HideSolutionNode = FALSE
	EndGlobalSection
	GlobalSection(ExtensibilityGlobals) = postSolution
		SolutionGuid = {AEADD043-3B6F-4AA7-8E41-1A32F7802F2E}
	EndGlobalSection
EndGlobal
