
Microsoft Visual Studio Solution File, Format Version 12.00
# Visual Studio Version 17
VisualStudioVersion = 17.4.33110.190
MinimumVisualStudioVersion = 10.0.40219.1
Project("{8BC9CEB8-8B4A-11D0-8D11-00A0C91BC942}") = "PEB_WALK_INJECTION", "PEB_WALK_INJECTION\PEB_WALK_INJECTION.vcxproj", "{7FA6A6CD-AD04-4834-8E96-4E7BAF758CE3}"
EndProject
Global
	GlobalSection(SolutionConfigurationPlatforms) = preSolution
		Debug|x64 = Debug|x64
		Debug|x86 = Debug|x86
		Release|x64 = Release|x64
		Release|x86 = Release|x86
	EndGlobalSection
	GlobalSection(ProjectConfigurationPlatforms) = postSolution
		{7FA6A6CD-AD04-4834-8E96-4E7BAF758CE3}.Debug|x64.ActiveCfg = Debug|x64
		{7FA6A6CD-AD04-4834-8E96-4E7BAF758CE3}.Debug|x64.Build.0 = Debug|x64
		{7FA6A6CD-AD04-4834-8E96-4E7BAF758CE3}.Debug|x86.ActiveCfg = Debug|Win32
		{7FA6A6CD-AD04-4834-8E96-4E7BAF758CE3}.Debug|x86.Build.0 = Debug|Win32
		{7FA6A6CD-AD04-4834-8E96-4E7BAF758CE3}.Release|x64.ActiveCfg = Release|x64
		{7FA6A6CD-AD04-4834-8E96-4E7BAF758CE3}.Release|x64.Build.0 = Release|x64
		{7FA6A6CD-AD04-4834-8E96-4E7BAF758CE3}.Release|x86.ActiveCfg = Release|Win32
		{7FA6A6CD-AD04-4834-8E96-4E7BAF758CE3}.Release|x86.Build.0 = Release|Win32
	EndGlobalSection
	GlobalSection(SolutionProperties) = preSolution
		HideSolutionNode = FALSE
	EndGlobalSection
	GlobalSection(ExtensibilityGlobals) = postSolution
		SolutionGuid = {EA722E41-2498-416C-BA74-6A36C3EC015C}
	EndGlobalSection
EndGlobal
